// !$*UTF8*$!
{
	archiveVersion = 1;
	classes = {
	};
	objectVersion = 50;
	objects = {

/* Begin PBXBuildFile section */
		5731A14625B4DFA800DF9939 /* BorderLabel.swift in Sources */ = {isa = PBXBuildFile; fileRef = 5731A14525B4DFA800DF9939 /* BorderLabel.swift */; };
		5731A14925B4E76200DF9939 /* SetGame.swift in Sources */ = {isa = PBXBuildFile; fileRef = 5731A14825B4E76100DF9939 /* SetGame.swift */; };
		5731A14C25B4E7A200DF9939 /* SetCard.swift in Sources */ = {isa = PBXBuildFile; fileRef = 5731A14B25B4E7A200DF9939 /* SetCard.swift */; };
		578430A025B4D75600F813F4 /* AppDelegate.swift in Sources */ = {isa = PBXBuildFile; fileRef = 5784309F25B4D75600F813F4 /* AppDelegate.swift */; };
		578430A225B4D75600F813F4 /* SceneDelegate.swift in Sources */ = {isa = PBXBuildFile; fileRef = 578430A125B4D75600F813F4 /* SceneDelegate.swift */; };
		578430A725B4D75600F813F4 /* Main.storyboard in Resources */ = {isa = PBXBuildFile; fileRef = 578430A525B4D75600F813F4 /* Main.storyboard */; };
		578430A925B4D75A00F813F4 /* Assets.xcassets in Resources */ = {isa = PBXBuildFile; fileRef = 578430A825B4D75A00F813F4 /* Assets.xcassets */; };
		578430AC25B4D75A00F813F4 /* LaunchScreen.storyboard in Resources */ = {isa = PBXBuildFile; fileRef = 578430AA25B4D75A00F813F4 /* LaunchScreen.storyboard */; };
		578430BD25B4D9FC00F813F4 /* BorderButton.swift in Sources */ = {isa = PBXBuildFile; fileRef = 578430B525B4D78A00F813F4 /* BorderButton.swift */; };
		57A4B09D25B733740024D197 /* ViewController.swift in Sources */ = {isa = PBXBuildFile; fileRef = 578430A325B4D75600F813F4 /* ViewController.swift */; };
		57A4B0A325B76C870024D197 /* SetCardButton.swift in Sources */ = {isa = PBXBuildFile; fileRef = 57A4B09F25B76C5F0024D197 /* SetCardButton.swift */; };
/* End PBXBuildFile section */

/* Begin PBXFileReference section */
		5731A14525B4DFA800DF9939 /* BorderLabel.swift */ = {isa = PBXFileReference; lastKnownFileType = sourcecode.swift; path = BorderLabel.swift; sourceTree = "<group>"; };
		5731A14825B4E76100DF9939 /* SetGame.swift */ = {isa = PBXFileReference; lastKnownFileType = sourcecode.swift; path = SetGame.swift; sourceTree = "<group>"; };
		5731A14B25B4E7A200DF9939 /* SetCard.swift */ = {isa = PBXFileReference; lastKnownFileType = sourcecode.swift; path = SetCard.swift; sourceTree = "<group>"; };
		5784309C25B4D75600F813F4 /* SetGame.app */ = {isa = PBXFileReference; explicitFileType = wrapper.application; includeInIndex = 0; path = SetGame.app; sourceTree = BUILT_PRODUCTS_DIR; };
		5784309F25B4D75600F813F4 /* AppDelegate.swift */ = {isa = PBXFileReference; lastKnownFileType = sourcecode.swift; path = AppDelegate.swift; sourceTree = "<group>"; };
		578430A125B4D75600F813F4 /* SceneDelegate.swift */ = {isa = PBXFileReference; lastKnownFileType = sourcecode.swift; path = SceneDelegate.swift; sourceTree = "<group>"; };
		578430A325B4D75600F813F4 /* ViewController.swift */ = {isa = PBXFileReference; lastKnownFileType = sourcecode.swift; path = ViewController.swift; sourceTree = "<group>"; };
		578430A625B4D75600F813F4 /* Base */ = {isa = PBXFileReference; lastKnownFileType = file.storyboard; name = Base; path = Base.lproj/Main.storyboard; sourceTree = "<group>"; };
		578430A825B4D75A00F813F4 /* Assets.xcassets */ = {isa = PBXFileReference; lastKnownFileType = folder.assetcatalog; path = Assets.xcassets; sourceTree = "<group>"; };
		578430AB25B4D75A00F813F4 /* Base */ = {isa = PBXFileReference; lastKnownFileType = file.storyboard; name = Base; path = Base.lproj/LaunchScreen.storyboard; sourceTree = "<group>"; };
		578430AD25B4D75A00F813F4 /* Info.plist */ = {isa = PBXFileReference; lastKnownFileType = text.plist.xml; path = Info.plist; sourceTree = "<group>"; };
		578430B525B4D78A00F813F4 /* BorderButton.swift */ = {isa = PBXFileReference; lastKnownFileType = sourcecode.swift; path = BorderButton.swift; sourceTree = "<group>"; };
		57A4B09F25B76C5F0024D197 /* SetCardButton.swift */ = {isa = PBXFileReference; lastKnownFileType = sourcecode.swift; path = SetCardButton.swift; sourceTree = "<group>"; };
/* End PBXFileReference section */

/* Begin PBXFrameworksBuildPhase section */
		5784309925B4D75600F813F4 /* Frameworks */ = {
			isa = PBXFrameworksBuildPhase;
			buildActionMask = 2147483647;
			files = (
			);
			runOnlyForDeploymentPostprocessing = 0;
		};
/* End PBXFrameworksBuildPhase section */

/* Begin PBXGroup section */
		5784309325B4D75600F813F4 = {
			isa = PBXGroup;
			children = (
				5784309E25B4D75600F813F4 /* SetGame */,
				5784309D25B4D75600F813F4 /* Products */,
			);
			sourceTree = "<group>";
		};
		5784309D25B4D75600F813F4 /* Products */ = {
			isa = PBXGroup;
			children = (
				5784309C25B4D75600F813F4 /* SetGame.app */,
			);
			name = Products;
			sourceTree = "<group>";
		};
		5784309E25B4D75600F813F4 /* SetGame */ = {
			isa = PBXGroup;
			children = (
				578430B425B4D76500F813F4 /* SupportingFiles */,
				578430A325B4D75600F813F4 /* ViewController.swift */,
				5731A14825B4E76100DF9939 /* SetGame.swift */,
				57A4B09F25B76C5F0024D197 /* SetCardButton.swift */,
				578430B525B4D78A00F813F4 /* BorderButton.swift */,
				5731A14B25B4E7A200DF9939 /* SetCard.swift */,
				5731A14525B4DFA800DF9939 /* BorderLabel.swift */,
				578430A525B4D75600F813F4 /* Main.storyboard */,
				578430A825B4D75A00F813F4 /* Assets.xcassets */,
				578430AD25B4D75A00F813F4 /* Info.plist */,
			);
			path = SetGame;
			sourceTree = "<group>";
		};
		578430B425B4D76500F813F4 /* SupportingFiles */ = {
			isa = PBXGroup;
			children = (
				5784309F25B4D75600F813F4 /* AppDelegate.swift */,
				578430A125B4D75600F813F4 /* SceneDelegate.swift */,
				578430AA25B4D75A00F813F4 /* LaunchScreen.storyboard */,
			);
			path = SupportingFiles;
			sourceTree = "<group>";
		};
/* End PBXGroup section */

/* Begin PBXNativeTarget section */
		5784309B25B4D75600F813F4 /* SetGame */ = {
			isa = PBXNativeTarget;
			buildConfigurationList = 578430B025B4D75A00F813F4 /* Build configuration list for PBXNativeTarget "SetGame" */;
			buildPhases = (
				5784309825B4D75600F813F4 /* Sources */,
				5784309925B4D75600F813F4 /* Frameworks */,
				5784309A25B4D75600F813F4 /* Resources */,
			);
			buildRules = (
			);
			dependencies = (
			);
			name = SetGame;
			productName = SetGame;
			productReference = 5784309C25B4D75600F813F4 /* SetGame.app */;
			productType = "com.apple.product-type.application";
		};
/* End PBXNativeTarget section */

/* Begin PBXProject section */
		5784309425B4D75600F813F4 /* Project object */ = {
			isa = PBXProject;
			attributes = {
				LastSwiftUpdateCheck = 1220;
				LastUpgradeCheck = 1220;
				TargetAttributes = {
					5784309B25B4D75600F813F4 = {
						CreatedOnToolsVersion = 12.2;
					};
				};
			};
			buildConfigurationList = 5784309725B4D75600F813F4 /* Build configuration list for PBXProject "SetGame" */;
			compatibilityVersion = "Xcode 9.3";
			developmentRegion = en;
			hasScannedForEncodings = 0;
			knownRegions = (
				en,
				Base,
			);
			mainGroup = 5784309325B4D75600F813F4;
			productRefGroup = 5784309D25B4D75600F813F4 /* Products */;
			projectDirPath = "";
			projectRoot = "";
			targets = (
				5784309B25B4D75600F813F4 /* SetGame */,
			);
		};
/* End PBXProject section */

/* Begin PBXResourcesBuildPhase section */
		5784309A25B4D75600F813F4 /* Resources */ = {
			isa = PBXResourcesBuildPhase;
			buildActionMask = 2147483647;
			files = (
				578430AC25B4D75A00F813F4 /* LaunchScreen.storyboard in Resources */,
				578430A925B4D75A00F813F4 /* Assets.xcassets in Resources */,
				578430A725B4D75600F813F4 /* Main.storyboard in Resources */,
			);
			runOnlyForDeploymentPostprocessing = 0;
		};
/* End PBXResourcesBuildPhase section */

/* Begin PBXSourcesBuildPhase section */
		5784309825B4D75600F813F4 /* Sources */ = {
			isa = PBXSourcesBuildPhase;
			buildActionMask = 2147483647;
			files = (
				57A4B0A325B76C870024D197 /* SetCardButton.swift in Sources */,
				5731A14C25B4E7A200DF9939 /* SetCard.swift in Sources */,
				578430A025B4D75600F813F4 /* AppDelegate.swift in Sources */,
				578430A225B4D75600F813F4 /* SceneDelegate.swift in Sources */,
				578430BD25B4D9FC00F813F4 /* BorderButton.swift in Sources */,
				57A4B09D25B733740024D197 /* ViewController.swift in Sources */,
				5731A14925B4E76200DF9939 /* SetGame.swift in Sources */,
				5731A14625B4DFA800DF9939 /* BorderLabel.swift in Sources */,
			);
			runOnlyForDeploymentPostprocessing = 0;
		};
/* End PBXSourcesBuildPhase section */

/* Begin PBXVariantGroup section */
		578430A525B4D75600F813F4 /* Main.storyboard */ = {
			isa = PBXVariantGroup;
			children = (
				578430A625B4D75600F813F4 /* Base */,
			);
			name = Main.storyboard;
			sourceTree = "<group>";
		};
		578430AA25B4D75A00F813F4 /* LaunchScreen.storyboard */ = {
			isa = PBXVariantGroup;
			children = (
				578430AB25B4D75A00F813F4 /* Base */,
			);
			name = LaunchScreen.storyboard;
			sourceTree = "<group>";
		};
/* End PBXVariantGroup section */

/* Begin XCBuildConfiguration section */
		578430AE25B4D75A00F813F4 /* Debug */ = {
			isa = XCBuildConfiguration;
			buildSettings = {
				ALWAYS_SEARCH_USER_PATHS = NO;
				CLANG_ANALYZER_NONNULL = YES;
				CLANG_ANALYZER_NUMBER_OBJECT_CONVERSION = YES_AGGRESSIVE;
				CLANG_CXX_LANGUAGE_STANDARD = "gnu++14";
				CLANG_CXX_LIBRARY = "libc++";
				CLANG_ENABLE_MODULES = YES;
				CLANG_ENABLE_OBJC_ARC = YES;
				CLANG_ENABLE_OBJC_WEAK = YES;
				CLANG_WARN_BLOCK_CAPTURE_AUTORELEASING = YES;
				CLANG_WARN_BOOL_CONVERSION = YES;
				CLANG_WARN_COMMA = YES;
				CLANG_WARN_CONSTANT_CONVERSION = YES;
				CLANG_WARN_DEPRECATED_OBJC_IMPLEMENTATIONS = YES;
				CLANG_WARN_DIRECT_OBJC_ISA_USAGE = YES_ERROR;
				CLANG_WARN_DOCUMENTATION_COMMENTS = YES;
				CLANG_WARN_EMPTY_BODY = YES;
				CLANG_WARN_ENUM_CONVERSION = YES;
				CLANG_WARN_INFINITE_RECURSION = YES;
				CLANG_WARN_INT_CONVERSION = YES;
				CLANG_WARN_NON_LITERAL_NULL_CONVERSION = YES;
				CLANG_WARN_OBJC_IMPLICIT_RETAIN_SELF = YES;
				CLANG_WARN_OBJC_LITERAL_CONVERSION = YES;
				CLANG_WARN_OBJC_ROOT_CLASS = YES_ERROR;
				CLANG_WARN_QUOTED_INCLUDE_IN_FRAMEWORK_HEADER = YES;
				CLANG_WARN_RANGE_LOOP_ANALYSIS = YES;
				CLANG_WARN_STRICT_PROTOTYPES = YES;
				CLANG_WARN_SUSPICIOUS_MOVE = YES;
				CLANG_WARN_UNGUARDED_AVAILABILITY = YES_AGGRESSIVE;
				CLANG_WARN_UNREACHABLE_CODE = YES;
				CLANG_WARN__DUPLICATE_METHOD_MATCH = YES;
				COPY_PHASE_STRIP = NO;
				DEBUG_INFORMATION_FORMAT = dwarf;
				ENABLE_STRICT_OBJC_MSGSEND = YES;
				ENABLE_TESTABILITY = YES;
				GCC_C_LANGUAGE_STANDARD = gnu11;
				GCC_DYNAMIC_NO_PIC = NO;
				GCC_NO_COMMON_BLOCKS = YES;
				GCC_OPTIMIZATION_LEVEL = 0;
				GCC_PREPROCESSOR_DEFINITIONS = (
					"DEBUG=1",
					"$(inherited)",
				);
				GCC_WARN_64_TO_32_BIT_CONVERSION = YES;
				GCC_WARN_ABOUT_RETURN_TYPE = YES_ERROR;
				GCC_WARN_UNDECLARED_SELECTOR = YES;
				GCC_WARN_UNINITIALIZED_AUTOS = YES_AGGRESSIVE;
				GCC_WARN_UNUSED_FUNCTION = YES;
				GCC_WARN_UNUSED_VARIABLE = YES;
				IPHONEOS_DEPLOYMENT_TARGET = 14.2;
				MTL_ENABLE_DEBUG_INFO = INCLUDE_SOURCE;
				MTL_FAST_MATH = YES;
				ONLY_ACTIVE_ARCH = YES;
				SDKROOT = iphoneos;
				SWIFT_ACTIVE_COMPILATION_CONDITIONS = DEBUG;
				SWIFT_OPTIMIZATION_LEVEL = "-Onone";
			};
			name = Debug;
		};
		578430AF25B4D75A00F813F4 /* Release */ = {
			isa = XCBuildConfiguration;
			buildSettings = {
				ALWAYS_SEARCH_USER_PATHS = NO;
				CLANG_ANALYZER_NONNULL = YES;
				CLANG_ANALYZER_NUMBER_OBJECT_CONVERSION = YES_AGGRESSIVE;
				CLANG_CXX_LANGUAGE_STANDARD = "gnu++14";
				CLANG_CXX_LIBRARY = "libc++";
				CLANG_ENABLE_MODULES = YES;
				CLANG_ENABLE_OBJC_ARC = YES;
				CLANG_ENABLE_OBJC_WEAK = YES;
				CLANG_WARN_BLOCK_CAPTURE_AUTORELEASING = YES;
				CLANG_WARN_BOOL_CONVERSION = YES;
				CLANG_WARN_COMMA = YES;
				CLANG_WARN_CONSTANT_CONVERSION = YES;
				CLANG_WARN_DEPRECATED_OBJC_IMPLEMENTATIONS = YES;
				CLANG_WARN_DIRECT_OBJC_ISA_USAGE = YES_ERROR;
				CLANG_WARN_DOCUMENTATION_COMMENTS = YES;
				CLANG_WARN_EMPTY_BODY = YES;
				CLANG_WARN_ENUM_CONVERSION = YES;
				CLANG_WARN_INFINITE_RECURSION = YES;
				CLANG_WARN_INT_CONVERSION = YES;
				CLANG_WARN_NON_LITERAL_NULL_CONVERSION = YES;
				CLANG_WARN_OBJC_IMPLICIT_RETAIN_SELF = YES;
				CLANG_WARN_OBJC_LITERAL_CONVERSION = YES;
				CLANG_WARN_OBJC_ROOT_CLASS = YES_ERROR;
				CLANG_WARN_QUOTED_INCLUDE_IN_FRAMEWORK_HEADER = YES;
				CLANG_WARN_RANGE_LOOP_ANALYSIS = YES;
				CLANG_WARN_STRICT_PROTOTYPES = YES;
				CLANG_WARN_SUSPICIOUS_MOVE = YES;
				CLANG_WARN_UNGUARDED_AVAILABILITY = YES_AGGRESSIVE;
				CLANG_WARN_UNREACHABLE_CODE = YES;
				CLANG_WARN__DUPLICATE_METHOD_MATCH = YES;
				COPY_PHASE_STRIP = NO;
				DEBUG_INFORMATION_FORMAT = "dwarf-with-dsym";
				ENABLE_NS_ASSERTIONS = NO;
				ENABLE_STRICT_OBJC_MSGSEND = YES;
				GCC_C_LANGUAGE_STANDARD = gnu11;
				GCC_NO_COMMON_BLOCKS = YES;
				GCC_WARN_64_TO_32_BIT_CONVERSION = YES;
				GCC_WARN_ABOUT_RETURN_TYPE = YES_ERROR;
				GCC_WARN_UNDECLARED_SELECTOR = YES;
				GCC_WARN_UNINITIALIZED_AUTOS = YES_AGGRESSIVE;
				GCC_WARN_UNUSED_FUNCTION = YES;
				GCC_WARN_UNUSED_VARIABLE = YES;
				IPHONEOS_DEPLOYMENT_TARGET = 14.2;
				MTL_ENABLE_DEBUG_INFO = NO;
				MTL_FAST_MATH = YES;
				SDKROOT = iphoneos;
				SWIFT_COMPILATION_MODE = wholemodule;
				SWIFT_OPTIMIZATION_LEVEL = "-O";
				VALIDATE_PRODUCT = YES;
			};
			name = Release;
		};
		578430B125B4D75A00F813F4 /* Debug */ = {
			isa = XCBuildConfiguration;
			buildSettings = {
				ASSETCATALOG_COMPILER_APPICON_NAME = AppIcon;
				ASSETCATALOG_COMPILER_GLOBAL_ACCENT_COLOR_NAME = AccentColor;
				CODE_SIGN_STYLE = Automatic;
				INFOPLIST_FILE = SetGame/Info.plist;
				LD_RUNPATH_SEARCH_PATHS = (
					"$(inherited)",
					"@executable_path/Frameworks",
				);
				PRODUCT_BUNDLE_IDENTIFIER = com.ViktorRubenko.SetGame;
				PRODUCT_NAME = "$(TARGET_NAME)";
				SWIFT_VERSION = 5.0;
				TARGETED_DEVICE_FAMILY = "1,2";
			};
			name = Debug;
		};
		578430B225B4D75A00F813F4 /* Release */ = {
			isa = XCBuildConfiguration;
			buildSettings = {
				ASSETCATALOG_COMPILER_APPICON_NAME = AppIcon;
				ASSETCATALOG_COMPILER_GLOBAL_ACCENT_COLOR_NAME = AccentColor;
				CODE_SIGN_STYLE = Automatic;
				INFOPLIST_FILE = SetGame/Info.plist;
				LD_RUNPATH_SEARCH_PATHS = (
					"$(inherited)",
					"@executable_path/Frameworks",
				);
				PRODUCT_BUNDLE_IDENTIFIER = com.ViktorRubenko.SetGame;
				PRODUCT_NAME = "$(TARGET_NAME)";
				SWIFT_VERSION = 5.0;
				TARGETED_DEVICE_FAMILY = "1,2";
			};
			name = Release;
		};
/* End XCBuildConfiguration section */

/* Begin XCConfigurationList section */
		5784309725B4D75600F813F4 /* Build configuration list for PBXProject "SetGame" */ = {
			isa = XCConfigurationList;
			buildConfigurations = (
				578430AE25B4D75A00F813F4 /* Debug */,
				578430AF25B4D75A00F813F4 /* Release */,
			);
			defaultConfigurationIsVisible = 0;
			defaultConfigurationName = Release;
		};
		578430B025B4D75A00F813F4 /* Build configuration list for PBXNativeTarget "SetGame" */ = {
			isa = XCConfigurationList;
			buildConfigurations = (
				578430B125B4D75A00F813F4 /* Debug */,
				578430B225B4D75A00F813F4 /* Release */,
			);
			defaultConfigurationIsVisible = 0;
			defaultConfigurationName = Release;
		};
/* End XCConfigurationList section */
	};
	rootObject = 5784309425B4D75600F813F4 /* Project object */;
}
