// !$*UTF8*$!
{
	archiveVersion = 1;
	classes = {
	};
	objectVersion = 50;
	objects = {

/* Begin PBXBuildFile section */
		573A7E4625B391A3003FE590 /* AppDelegate.swift in Sources */ = {isa = PBXBuildFile; fileRef = 573A7E4525B391A3003FE590 /* AppDelegate.swift */; };
		573A7E4825B391A3003FE590 /* SceneDelegate.swift in Sources */ = {isa = PBXBuildFile; fileRef = 573A7E4725B391A3003FE590 /* SceneDelegate.swift */; };
		573A7E4A25B391A3003FE590 /* ViewController.swift in Sources */ = {isa = PBXBuildFile; fileRef = 573A7E4925B391A3003FE590 /* ViewController.swift */; };
		573A7E4D25B391A3003FE590 /* Main.storyboard in Resources */ = {isa = PBXBuildFile; fileRef = 573A7E4B25B391A3003FE590 /* Main.storyboard */; };
		573A7E4F25B391A7003FE590 /* Assets.xcassets in Resources */ = {isa = PBXBuildFile; fileRef = 573A7E4E25B391A7003FE590 /* Assets.xcassets */; };
		573A7E5225B391A7003FE590 /* LaunchScreen.storyboard in Resources */ = {isa = PBXBuildFile; fileRef = 573A7E5025B391A7003FE590 /* LaunchScreen.storyboard */; };
		573A7E5E25B39AA3003FE590 /* Card.swift in Sources */ = {isa = PBXBuildFile; fileRef = 573A7E5D25B39AA3003FE590 /* Card.swift */; };
		573A7E6625B3A004003FE590 /* SetGame.swift in Sources */ = {isa = PBXBuildFile; fileRef = 573A7E5A25B39576003FE590 /* SetGame.swift */; };
/* End PBXBuildFile section */

/* Begin PBXFileReference section */
		573A7E4225B391A3003FE590 /* SetGame.app */ = {isa = PBXFileReference; explicitFileType = wrapper.application; includeInIndex = 0; path = SetGame.app; sourceTree = BUILT_PRODUCTS_DIR; };
		573A7E4525B391A3003FE590 /* AppDelegate.swift */ = {isa = PBXFileReference; lastKnownFileType = sourcecode.swift; path = AppDelegate.swift; sourceTree = "<group>"; };
		573A7E4725B391A3003FE590 /* SceneDelegate.swift */ = {isa = PBXFileReference; lastKnownFileType = sourcecode.swift; path = SceneDelegate.swift; sourceTree = "<group>"; };
		573A7E4925B391A3003FE590 /* ViewController.swift */ = {isa = PBXFileReference; lastKnownFileType = sourcecode.swift; path = ViewController.swift; sourceTree = "<group>"; };
		573A7E4C25B391A3003FE590 /* Base */ = {isa = PBXFileReference; lastKnownFileType = file.storyboard; name = Base; path = Base.lproj/Main.storyboard; sourceTree = "<group>"; };
		573A7E4E25B391A7003FE590 /* Assets.xcassets */ = {isa = PBXFileReference; lastKnownFileType = folder.assetcatalog; path = Assets.xcassets; sourceTree = "<group>"; };
		573A7E5125B391A7003FE590 /* Base */ = {isa = PBXFileReference; lastKnownFileType = file.storyboard; name = Base; path = Base.lproj/LaunchScreen.storyboard; sourceTree = "<group>"; };
		573A7E5325B391A7003FE590 /* Info.plist */ = {isa = PBXFileReference; lastKnownFileType = text.plist.xml; path = Info.plist; sourceTree = "<group>"; };
		573A7E5A25B39576003FE590 /* SetGame.swift */ = {isa = PBXFileReference; lastKnownFileType = sourcecode.swift; path = SetGame.swift; sourceTree = "<group>"; wrapsLines = 1; };
		573A7E5D25B39AA3003FE590 /* Card.swift */ = {isa = PBXFileReference; lastKnownFileType = sourcecode.swift; path = Card.swift; sourceTree = "<group>"; };
/* End PBXFileReference section */

/* Begin PBXFrameworksBuildPhase section */
		573A7E3F25B391A3003FE590 /* Frameworks */ = {
			isa = PBXFrameworksBuildPhase;
			buildActionMask = 2147483647;
			files = (
			);
			runOnlyForDeploymentPostprocessing = 0;
		};
/* End PBXFrameworksBuildPhase section */

/* Begin PBXGroup section */
		573A7E3925B391A2003FE590 = {
			isa = PBXGroup;
			children = (
				573A7E4425B391A3003FE590 /* SetGame */,
				573A7E4325B391A3003FE590 /* Products */,
			);
			sourceTree = "<group>";
		};
		573A7E4325B391A3003FE590 /* Products */ = {
			isa = PBXGroup;
			children = (
				573A7E4225B391A3003FE590 /* SetGame.app */,
			);
			name = Products;
			sourceTree = "<group>";
		};
		573A7E4425B391A3003FE590 /* SetGame */ = {
			isa = PBXGroup;
			children = (
				573A7E6825B3A167003FE590 /* SupportingFIles */,
				573A7E4925B391A3003FE590 /* ViewController.swift */,
				573A7E4B25B391A3003FE590 /* Main.storyboard */,
				573A7E6325B39BCD003FE590 /* Model */,
				573A7E4E25B391A7003FE590 /* Assets.xcassets */,
				573A7E5325B391A7003FE590 /* Info.plist */,
			);
			path = SetGame;
			sourceTree = "<group>";
		};
		573A7E6325B39BCD003FE590 /* Model */ = {
			isa = PBXGroup;
			children = (
				573A7E5A25B39576003FE590 /* SetGame.swift */,
				573A7E5D25B39AA3003FE590 /* Card.swift */,
			);
			path = Model;
			sourceTree = "<group>";
		};
		573A7E6825B3A167003FE590 /* SupportingFIles */ = {
			isa = PBXGroup;
			children = (
				573A7E4525B391A3003FE590 /* AppDelegate.swift */,
				573A7E4725B391A3003FE590 /* SceneDelegate.swift */,
				573A7E5025B391A7003FE590 /* LaunchScreen.storyboard */,
			);
			path = SupportingFIles;
			sourceTree = "<group>";
		};
/* End PBXGroup section */

/* Begin PBXNativeTarget section */
		573A7E4125B391A3003FE590 /* SetGame */ = {
			isa = PBXNativeTarget;
			buildConfigurationList = 573A7E5625B391A7003FE590 /* Build configuration list for PBXNativeTarget "SetGame" */;
			buildPhases = (
				573A7E3E25B391A3003FE590 /* Sources */,
				573A7E3F25B391A3003FE590 /* Frameworks */,
				573A7E4025B391A3003FE590 /* Resources */,
			);
			buildRules = (
			);
			dependencies = (
			);
			name = SetGame;
			productName = SetGame;
			productReference = 573A7E4225B391A3003FE590 /* SetGame.app */;
			productType = "com.apple.product-type.application";
		};
/* End PBXNativeTarget section */

/* Begin PBXProject section */
		573A7E3A25B391A2003FE590 /* Project object */ = {
			isa = PBXProject;
			attributes = {
				LastSwiftUpdateCheck = 1220;
				LastUpgradeCheck = 1220;
				TargetAttributes = {
					573A7E4125B391A3003FE590 = {
						CreatedOnToolsVersion = 12.2;
					};
				};
			};
			buildConfigurationList = 573A7E3D25B391A2003FE590 /* Build configuration list for PBXProject "SetGame" */;
			compatibilityVersion = "Xcode 9.3";
			developmentRegion = en;
			hasScannedForEncodings = 0;
			knownRegions = (
				en,
				Base,
			);
			mainGroup = 573A7E3925B391A2003FE590;
			productRefGroup = 573A7E4325B391A3003FE590 /* Products */;
			projectDirPath = "";
			projectRoot = "";
			targets = (
				573A7E4125B391A3003FE590 /* SetGame */,
			);
		};
/* End PBXProject section */

/* Begin PBXResourcesBuildPhase section */
		573A7E4025B391A3003FE590 /* Resources */ = {
			isa = PBXResourcesBuildPhase;
			buildActionMask = 2147483647;
			files = (
				573A7E5225B391A7003FE590 /* LaunchScreen.storyboard in Resources */,
				573A7E4F25B391A7003FE590 /* Assets.xcassets in Resources */,
				573A7E4D25B391A3003FE590 /* Main.storyboard in Resources */,
			);
			runOnlyForDeploymentPostprocessing = 0;
		};
/* End PBXResourcesBuildPhase section */

/* Begin PBXSourcesBuildPhase section */
		573A7E3E25B391A3003FE590 /* Sources */ = {
			isa = PBXSourcesBuildPhase;
			buildActionMask = 2147483647;
			files = (
				573A7E4A25B391A3003FE590 /* ViewController.swift in Sources */,
				573A7E4625B391A3003FE590 /* AppDelegate.swift in Sources */,
				573A7E6625B3A004003FE590 /* SetGame.swift in Sources */,
				573A7E5E25B39AA3003FE590 /* Card.swift in Sources */,
				573A7E4825B391A3003FE590 /* SceneDelegate.swift in Sources */,
			);
			runOnlyForDeploymentPostprocessing = 0;
		};
/* End PBXSourcesBuildPhase section */

/* Begin PBXVariantGroup section */
		573A7E4B25B391A3003FE590 /* Main.storyboard */ = {
			isa = PBXVariantGroup;
			children = (
				573A7E4C25B391A3003FE590 /* Base */,
			);
			name = Main.storyboard;
			sourceTree = "<group>";
		};
		573A7E5025B391A7003FE590 /* LaunchScreen.storyboard */ = {
			isa = PBXVariantGroup;
			children = (
				573A7E5125B391A7003FE590 /* Base */,
			);
			name = LaunchScreen.storyboard;
			sourceTree = "<group>";
		};
/* End PBXVariantGroup section */

/* Begin XCBuildConfiguration section */
		573A7E5425B391A7003FE590 /* Debug */ = {
			isa = XCBuildConfiguration;
			buildSettings = {
				ALWAYS_SEARCH_USER_PATHS = NO;
				CLANG_ANALYZER_NONNULL = YES;
				CLANG_ANALYZER_NUMBER_OBJECT_CONVERSION = YES_AGGRESSIVE;
				CLANG_CXX_LANGUAGE_STANDARD = "gnu++14";
				CLANG_CXX_LIBRARY = "libc++";
				CLANG_ENABLE_MODULES = YES;
				CLANG_ENABLE_OBJC_ARC = YES;
				CLANG_ENABLE_OBJC_WEAK = YES;
				CLANG_WARN_BLOCK_CAPTURE_AUTORELEASING = YES;
				CLANG_WARN_BOOL_CONVERSION = YES;
				CLANG_WARN_COMMA = YES;
				CLANG_WARN_CONSTANT_CONVERSION = YES;
				CLANG_WARN_DEPRECATED_OBJC_IMPLEMENTATIONS = YES;
				CLANG_WARN_DIRECT_OBJC_ISA_USAGE = YES_ERROR;
				CLANG_WARN_DOCUMENTATION_COMMENTS = YES;
				CLANG_WARN_EMPTY_BODY = YES;
				CLANG_WARN_ENUM_CONVERSION = YES;
				CLANG_WARN_INFINITE_RECURSION = YES;
				CLANG_WARN_INT_CONVERSION = YES;
				CLANG_WARN_NON_LITERAL_NULL_CONVERSION = YES;
				CLANG_WARN_OBJC_IMPLICIT_RETAIN_SELF = YES;
				CLANG_WARN_OBJC_LITERAL_CONVERSION = YES;
				CLANG_WARN_OBJC_ROOT_CLASS = YES_ERROR;
				CLANG_WARN_QUOTED_INCLUDE_IN_FRAMEWORK_HEADER = YES;
				CLANG_WARN_RANGE_LOOP_ANALYSIS = YES;
				CLANG_WARN_STRICT_PROTOTYPES = YES;
				CLANG_WARN_SUSPICIOUS_MOVE = YES;
				CLANG_WARN_UNGUARDED_AVAILABILITY = YES_AGGRESSIVE;
				CLANG_WARN_UNREACHABLE_CODE = YES;
				CLANG_WARN__DUPLICATE_METHOD_MATCH = YES;
				COPY_PHASE_STRIP = NO;
				DEBUG_INFORMATION_FORMAT = dwarf;
				ENABLE_STRICT_OBJC_MSGSEND = YES;
				ENABLE_TESTABILITY = YES;
				GCC_C_LANGUAGE_STANDARD = gnu11;
				GCC_DYNAMIC_NO_PIC = NO;
				GCC_NO_COMMON_BLOCKS = YES;
				GCC_OPTIMIZATION_LEVEL = 0;
				GCC_PREPROCESSOR_DEFINITIONS = (
					"DEBUG=1",
					"$(inherited)",
				);
				GCC_WARN_64_TO_32_BIT_CONVERSION = YES;
				GCC_WARN_ABOUT_RETURN_TYPE = YES_ERROR;
				GCC_WARN_UNDECLARED_SELECTOR = YES;
				GCC_WARN_UNINITIALIZED_AUTOS = YES_AGGRESSIVE;
				GCC_WARN_UNUSED_FUNCTION = YES;
				GCC_WARN_UNUSED_VARIABLE = YES;
				IPHONEOS_DEPLOYMENT_TARGET = 14.2;
				MTL_ENABLE_DEBUG_INFO = INCLUDE_SOURCE;
				MTL_FAST_MATH = YES;
				ONLY_ACTIVE_ARCH = YES;
				SDKROOT = iphoneos;
				SWIFT_ACTIVE_COMPILATION_CONDITIONS = DEBUG;
				SWIFT_OPTIMIZATION_LEVEL = "-Onone";
			};
			name = Debug;
		};
		573A7E5525B391A7003FE590 /* Release */ = {
			isa = XCBuildConfiguration;
			buildSettings = {
				ALWAYS_SEARCH_USER_PATHS = NO;
				CLANG_ANALYZER_NONNULL = YES;
				CLANG_ANALYZER_NUMBER_OBJECT_CONVERSION = YES_AGGRESSIVE;
				CLANG_CXX_LANGUAGE_STANDARD = "gnu++14";
				CLANG_CXX_LIBRARY = "libc++";
				CLANG_ENABLE_MODULES = YES;
				CLANG_ENABLE_OBJC_ARC = YES;
				CLANG_ENABLE_OBJC_WEAK = YES;
				CLANG_WARN_BLOCK_CAPTURE_AUTORELEASING = YES;
				CLANG_WARN_BOOL_CONVERSION = YES;
				CLANG_WARN_COMMA = YES;
				CLANG_WARN_CONSTANT_CONVERSION = YES;
				CLANG_WARN_DEPRECATED_OBJC_IMPLEMENTATIONS = YES;
				CLANG_WARN_DIRECT_OBJC_ISA_USAGE = YES_ERROR;
				CLANG_WARN_DOCUMENTATION_COMMENTS = YES;
				CLANG_WARN_EMPTY_BODY = YES;
				CLANG_WARN_ENUM_CONVERSION = YES;
				CLANG_WARN_INFINITE_RECURSION = YES;
				CLANG_WARN_INT_CONVERSION = YES;
				CLANG_WARN_NON_LITERAL_NULL_CONVERSION = YES;
				CLANG_WARN_OBJC_IMPLICIT_RETAIN_SELF = YES;
				CLANG_WARN_OBJC_LITERAL_CONVERSION = YES;
				CLANG_WARN_OBJC_ROOT_CLASS = YES_ERROR;
				CLANG_WARN_QUOTED_INCLUDE_IN_FRAMEWORK_HEADER = YES;
				CLANG_WARN_RANGE_LOOP_ANALYSIS = YES;
				CLANG_WARN_STRICT_PROTOTYPES = YES;
				CLANG_WARN_SUSPICIOUS_MOVE = YES;
				CLANG_WARN_UNGUARDED_AVAILABILITY = YES_AGGRESSIVE;
				CLANG_WARN_UNREACHABLE_CODE = YES;
				CLANG_WARN__DUPLICATE_METHOD_MATCH = YES;
				COPY_PHASE_STRIP = NO;
				DEBUG_INFORMATION_FORMAT = "dwarf-with-dsym";
				ENABLE_NS_ASSERTIONS = NO;
				ENABLE_STRICT_OBJC_MSGSEND = YES;
				GCC_C_LANGUAGE_STANDARD = gnu11;
				GCC_NO_COMMON_BLOCKS = YES;
				GCC_WARN_64_TO_32_BIT_CONVERSION = YES;
				GCC_WARN_ABOUT_RETURN_TYPE = YES_ERROR;
				GCC_WARN_UNDECLARED_SELECTOR = YES;
				GCC_WARN_UNINITIALIZED_AUTOS = YES_AGGRESSIVE;
				GCC_WARN_UNUSED_FUNCTION = YES;
				GCC_WARN_UNUSED_VARIABLE = YES;
				IPHONEOS_DEPLOYMENT_TARGET = 14.2;
				MTL_ENABLE_DEBUG_INFO = NO;
				MTL_FAST_MATH = YES;
				SDKROOT = iphoneos;
				SWIFT_COMPILATION_MODE = wholemodule;
				SWIFT_OPTIMIZATION_LEVEL = "-O";
				VALIDATE_PRODUCT = YES;
			};
			name = Release;
		};
		573A7E5725B391A7003FE590 /* Debug */ = {
			isa = XCBuildConfiguration;
			buildSettings = {
				ASSETCATALOG_COMPILER_APPICON_NAME = AppIcon;
				ASSETCATALOG_COMPILER_GLOBAL_ACCENT_COLOR_NAME = AccentColor;
				CODE_SIGN_STYLE = Automatic;
				INFOPLIST_FILE = SetGame/Info.plist;
				LD_RUNPATH_SEARCH_PATHS = (
					"$(inherited)",
					"@executable_path/Frameworks",
				);
				PRODUCT_BUNDLE_IDENTIFIER = com.ViktorRubenko.SetGame;
				PRODUCT_NAME = "$(TARGET_NAME)";
				SWIFT_VERSION = 5.0;
				TARGETED_DEVICE_FAMILY = "1,2";
			};
			name = Debug;
		};
		573A7E5825B391A7003FE590 /* Release */ = {
			isa = XCBuildConfiguration;
			buildSettings = {
				ASSETCATALOG_COMPILER_APPICON_NAME = AppIcon;
				ASSETCATALOG_COMPILER_GLOBAL_ACCENT_COLOR_NAME = AccentColor;
				CODE_SIGN_STYLE = Automatic;
				INFOPLIST_FILE = SetGame/Info.plist;
				LD_RUNPATH_SEARCH_PATHS = (
					"$(inherited)",
					"@executable_path/Frameworks",
				);
				PRODUCT_BUNDLE_IDENTIFIER = com.ViktorRubenko.SetGame;
				PRODUCT_NAME = "$(TARGET_NAME)";
				SWIFT_VERSION = 5.0;
				TARGETED_DEVICE_FAMILY = "1,2";
			};
			name = Release;
		};
/* End XCBuildConfiguration section */

/* Begin XCConfigurationList section */
		573A7E3D25B391A2003FE590 /* Build configuration list for PBXProject "SetGame" */ = {
			isa = XCConfigurationList;
			buildConfigurations = (
				573A7E5425B391A7003FE590 /* Debug */,
				573A7E5525B391A7003FE590 /* Release */,
			);
			defaultConfigurationIsVisible = 0;
			defaultConfigurationName = Release;
		};
		573A7E5625B391A7003FE590 /* Build configuration list for PBXNativeTarget "SetGame" */ = {
			isa = XCConfigurationList;
			buildConfigurations = (
				573A7E5725B391A7003FE590 /* Debug */,
				573A7E5825B391A7003FE590 /* Release */,
			);
			defaultConfigurationIsVisible = 0;
			defaultConfigurationName = Release;
		};
/* End XCConfigurationList section */
	};
	rootObject = 573A7E3A25B391A2003FE590 /* Project object */;
}
